
Microsoft Visual Studio Solution File, Format Version 12.00
# Visual Studio Version 16
VisualStudioVersion = 16.0.29905.134
MinimumVisualStudioVersion = 10.0.40219.1
Project("{FAE04EC0-301F-11D3-BF4B-00C04F79EFBC}") = "MySchoolManagementSystem", "MySchoolManagementSystem.csproj", "{0E0776AA-81E4-4347-A400-F2370199F418}"
EndProject
Global
	GlobalSection(SolutionConfigurationPlatforms) = preSolution
		Debug|Any CPU = Debug|Any CPU
		Release|Any CPU = Release|Any CPU
	EndGlobalSection
	GlobalSection(ProjectConfigurationPlatforms) = postSolution
		{0E0776AA-81E4-4347-A400-F2370199F418}.Debug|Any CPU.ActiveCfg = Debug|Any CPU
		{0E0776AA-81E4-4347-A400-F2370199F418}.Debug|Any CPU.Build.0 = Debug|Any CPU
		{0E0776AA-81E4-4347-A400-F2370199F418}.Release|Any CPU.ActiveCfg = Release|Any CPU
		{0E0776AA-81E4-4347-A400-F2370199F418}.Release|Any CPU.Build.0 = Release|Any CPU
	EndGlobalSection
	GlobalSection(SolutionProperties) = preSolution
		HideSolutionNode = FALSE
	EndGlobalSection
	GlobalSection(ExtensibilityGlobals) = postSolution
		SolutionGuid = {318ADE7D-FE59-4E92-B986-45EB3A27AD52}
	EndGlobalSection
EndGlobal
